
Microsoft Visual Studio Solution File, Format Version 12.00
# Visual Studio Version 17
VisualStudioVersion = 17.14.36121.58 d17.14
MinimumVisualStudioVersion = 10.0.40219.1
Project("{FAE04EC0-301F-11D3-BF4B-00C04F79EFBC}") = "ApexAutos", "ApexAutos\ApexAutos.csproj", "{0B194A72-4B99-434C-A627-1DC9E44E1ABE}"
EndProject
Global
	GlobalSection(SolutionConfigurationPlatforms) = preSolution
		Debug|Any CPU = Debug|Any CPU
		Release|Any CPU = Release|Any CPU
	EndGlobalSection
	GlobalSection(ProjectConfigurationPlatforms) = postSolution
		{0B194A72-4B99-434C-A627-1DC9E44E1ABE}.Debug|Any CPU.ActiveCfg = Debug|Any CPU
		{0B194A72-4B99-434C-A627-1DC9E44E1ABE}.Debug|Any CPU.Build.0 = Debug|Any CPU
		{0B194A72-4B99-434C-A627-1DC9E44E1ABE}.Release|Any CPU.ActiveCfg = Release|Any CPU
		{0B194A72-4B99-434C-A627-1DC9E44E1ABE}.Release|Any CPU.Build.0 = Release|Any CPU
	EndGlobalSection
	GlobalSection(SolutionProperties) = preSolution
		HideSolutionNode = FALSE
	EndGlobalSection
	GlobalSection(ExtensibilityGlobals) = postSolution
		SolutionGuid = {327B412C-0FC6-472F-AD13-B11FA28FC439}
	EndGlobalSection
EndGlobal
